
Microsoft Visual Studio Solution File, Format Version 12.00
Project("{FAE04EC0-301F-11D3-BF4B-00C04F79EFBC}") = "GrocyScanner.Service", "GrocyScanner.Service\GrocyScanner.Service.csproj", "{53F0B041-781F-48DB-B2A0-FD81BDF5E9B6}"
EndProject
Project("{FAE04EC0-301F-11D3-BF4B-00C04F79EFBC}") = "GrocyScanner.Core", "GrocyScanner.Core\GrocyScanner.Core.csproj", "{0F11AAF1-5B35-4180-8A7D-3C8263C90225}"
EndProject
Project("{2150E333-8FDC-42A3-9474-1A3956D46DE8}") = "Shared", "Shared", "{2994D1C0-E1EE-4E65-8F19-2F2EBE9F1DC5}"
	ProjectSection(SolutionItems) = preProject
		Dockerfile = Dockerfile
	EndProjectSection
EndProject
Global
	GlobalSection(SolutionConfigurationPlatforms) = preSolution
		Debug|Any CPU = Debug|Any CPU
		Release|Any CPU = Release|Any CPU
	EndGlobalSection
	GlobalSection(ProjectConfigurationPlatforms) = postSolution
		{53F0B041-781F-48DB-B2A0-FD81BDF5E9B6}.Debug|Any CPU.ActiveCfg = Debug|Any CPU
		{53F0B041-781F-48DB-B2A0-FD81BDF5E9B6}.Debug|Any CPU.Build.0 = Debug|Any CPU
		{53F0B041-781F-48DB-B2A0-FD81BDF5E9B6}.Release|Any CPU.ActiveCfg = Release|Any CPU
		{53F0B041-781F-48DB-B2A0-FD81BDF5E9B6}.Release|Any CPU.Build.0 = Release|Any CPU
		{0F11AAF1-5B35-4180-8A7D-3C8263C90225}.Debug|Any CPU.ActiveCfg = Debug|Any CPU
		{0F11AAF1-5B35-4180-8A7D-3C8263C90225}.Debug|Any CPU.Build.0 = Debug|Any CPU
		{0F11AAF1-5B35-4180-8A7D-3C8263C90225}.Release|Any CPU.ActiveCfg = Release|Any CPU
		{0F11AAF1-5B35-4180-8A7D-3C8263C90225}.Release|Any CPU.Build.0 = Release|Any CPU
	EndGlobalSection
EndGlobal
